
Microsoft Visual Studio Solution File, Format Version 11.00
# Visual Studio 2010
Project("{FAE04EC0-301F-11D3-BF4B-00C04F79EFBC}") = "MU.ToolKit [Silver Edition]", "MU.ToolKit [Silver Edition].csproj", "{E143C110-E997-41B5-8421-054A606F8196}"
EndProject
Global
	GlobalSection(SolutionConfigurationPlatforms) = preSolution
		Debug|Any CPU = Debug|Any CPU
		Release|Any CPU = Release|Any CPU
	EndGlobalSection
	GlobalSection(ProjectConfigurationPlatforms) = postSolution
		{E143C110-E997-41B5-8421-054A606F8196}.Debug|Any CPU.ActiveCfg = Debug|Any CPU
		{E143C110-E997-41B5-8421-054A606F8196}.Debug|Any CPU.Build.0 = Debug|Any CPU
		{E143C110-E997-41B5-8421-054A606F8196}.Release|Any CPU.ActiveCfg = Release|Any CPU
		{E143C110-E997-41B5-8421-054A606F8196}.Release|Any CPU.Build.0 = Release|Any CPU
	EndGlobalSection
	GlobalSection(SolutionProperties) = preSolution
		HideSolutionNode = FALSE
	EndGlobalSection
EndGlobal
